
Microsoft Visual Studio Solution File, Format Version 12.00
# Visual Studio Version 16
VisualStudioVersion = 16.0.31729.503
MinimumVisualStudioVersion = 10.0.40219.1
Project("{FAE04EC0-301F-11D3-BF4B-00C04F79EFBC}") = "Scical101", "Scical101.csproj", "{B25425A9-3389-4294-B0A0-82127FDADDDB}"
EndProject
Global
	GlobalSection(SolutionConfigurationPlatforms) = preSolution
		Debug|Any CPU = Debug|Any CPU
		Release|Any CPU = Release|Any CPU
	EndGlobalSection
	GlobalSection(ProjectConfigurationPlatforms) = postSolution
		{B25425A9-3389-4294-B0A0-82127FDADDDB}.Debug|Any CPU.ActiveCfg = Debug|Any CPU
		{B25425A9-3389-4294-B0A0-82127FDADDDB}.Debug|Any CPU.Build.0 = Debug|Any CPU
		{B25425A9-3389-4294-B0A0-82127FDADDDB}.Release|Any CPU.ActiveCfg = Release|Any CPU
		{B25425A9-3389-4294-B0A0-82127FDADDDB}.Release|Any CPU.Build.0 = Release|Any CPU
	EndGlobalSection
	GlobalSection(SolutionProperties) = preSolution
		HideSolutionNode = FALSE
	EndGlobalSection
	GlobalSection(ExtensibilityGlobals) = postSolution
		SolutionGuid = {AA54FFC6-4312-4EF5-B110-90720B074AE2}
	EndGlobalSection
EndGlobal
